
Microsoft Visual Studio Solution File, Format Version 12.00
# Visual Studio Version 16
VisualStudioVersion = 16.0.29123.88
MinimumVisualStudioVersion = 10.0.40219.1
Project("{FAE04EC0-301F-11D3-BF4B-00C04F79EFBC}") = "WebApiUltimate", "WebApiUltimate.csproj", "{F1194D34-F70C-42FB-8E54-339FB6415F05}"
EndProject
Global
	GlobalSection(SolutionConfigurationPlatforms) = preSolution
		Debug|Any CPU = Debug|Any CPU
		Release|Any CPU = Release|Any CPU
	EndGlobalSection
	GlobalSection(ProjectConfigurationPlatforms) = postSolution
		{F1194D34-F70C-42FB-8E54-339FB6415F05}.Debug|Any CPU.ActiveCfg = Debug|Any CPU
		{F1194D34-F70C-42FB-8E54-339FB6415F05}.Debug|Any CPU.Build.0 = Debug|Any CPU
		{F1194D34-F70C-42FB-8E54-339FB6415F05}.Release|Any CPU.ActiveCfg = Release|Any CPU
		{F1194D34-F70C-42FB-8E54-339FB6415F05}.Release|Any CPU.Build.0 = Release|Any CPU
	EndGlobalSection
	GlobalSection(SolutionProperties) = preSolution
		HideSolutionNode = FALSE
	EndGlobalSection
	GlobalSection(ExtensibilityGlobals) = postSolution
		SolutionGuid = {1AB2BBC6-C341-48FA-9408-6107D435BD8C}
	EndGlobalSection
EndGlobal
