
Microsoft Visual Studio Solution File, Format Version 12.00
# Visual Studio Version 16
VisualStudioVersion = 16.0.29102.190
MinimumVisualStudioVersion = 10.0.40219.1
Project("{FAE04EC0-301F-11D3-BF4B-00C04F79EFBC}") = "ConsoleApp3", "ConsoleApp3.csproj", "{ABDE8108-40B5-4A8B-A38D-EE73CB36C7C3}"
EndProject
Project("{FAE04EC0-301F-11D3-BF4B-00C04F79EFBC}") = "BibliotecaCalculadora", "..\BibliotecaCalculadora\BibliotecaCalculadora.csproj", "{0B969383-D7A1-4AD8-A1BA-C28441184AB8}"
EndProject
Global
	GlobalSection(SolutionConfigurationPlatforms) = preSolution
		Debug|Any CPU = Debug|Any CPU
		Release|Any CPU = Release|Any CPU
	EndGlobalSection
	GlobalSection(ProjectConfigurationPlatforms) = postSolution
		{ABDE8108-40B5-4A8B-A38D-EE73CB36C7C3}.Debug|Any CPU.ActiveCfg = Debug|Any CPU
		{ABDE8108-40B5-4A8B-A38D-EE73CB36C7C3}.Debug|Any CPU.Build.0 = Debug|Any CPU
		{ABDE8108-40B5-4A8B-A38D-EE73CB36C7C3}.Release|Any CPU.ActiveCfg = Release|Any CPU
		{ABDE8108-40B5-4A8B-A38D-EE73CB36C7C3}.Release|Any CPU.Build.0 = Release|Any CPU
		{0B969383-D7A1-4AD8-A1BA-C28441184AB8}.Debug|Any CPU.ActiveCfg = Debug|Any CPU
		{0B969383-D7A1-4AD8-A1BA-C28441184AB8}.Debug|Any CPU.Build.0 = Debug|Any CPU
		{0B969383-D7A1-4AD8-A1BA-C28441184AB8}.Release|Any CPU.ActiveCfg = Release|Any CPU
		{0B969383-D7A1-4AD8-A1BA-C28441184AB8}.Release|Any CPU.Build.0 = Release|Any CPU
	EndGlobalSection
	GlobalSection(SolutionProperties) = preSolution
		HideSolutionNode = FALSE
	EndGlobalSection
	GlobalSection(ExtensibilityGlobals) = postSolution
		SolutionGuid = {12B5BB84-98F2-4E8D-B645-635CD5861DA7}
	EndGlobalSection
EndGlobal
