
Microsoft Visual Studio Solution File, Format Version 12.00
# Visual Studio Version 16
VisualStudioVersion = 16.0.29102.190
MinimumVisualStudioVersion = 10.0.40219.1
Project("{FAE04EC0-301F-11D3-BF4B-00C04F79EFBC}") = "ListaBideManeiraSimples", "ListaBideManeiraSimples.csproj", "{28F661BF-09D0-4FD2-9D88-EFE675487708}"
EndProject
Global
	GlobalSection(SolutionConfigurationPlatforms) = preSolution
		Debug|Any CPU = Debug|Any CPU
		Release|Any CPU = Release|Any CPU
	EndGlobalSection
	GlobalSection(ProjectConfigurationPlatforms) = postSolution
		{28F661BF-09D0-4FD2-9D88-EFE675487708}.Debug|Any CPU.ActiveCfg = Debug|Any CPU
		{28F661BF-09D0-4FD2-9D88-EFE675487708}.Debug|Any CPU.Build.0 = Debug|Any CPU
		{28F661BF-09D0-4FD2-9D88-EFE675487708}.Release|Any CPU.ActiveCfg = Release|Any CPU
		{28F661BF-09D0-4FD2-9D88-EFE675487708}.Release|Any CPU.Build.0 = Release|Any CPU
	EndGlobalSection
	GlobalSection(SolutionProperties) = preSolution
		HideSolutionNode = FALSE
	EndGlobalSection
	GlobalSection(ExtensibilityGlobals) = postSolution
		SolutionGuid = {D63AD7FD-2A81-451B-A662-C1369A2B5CD2}
	EndGlobalSection
EndGlobal
