
Microsoft Visual Studio Solution File, Format Version 12.00
# Visual Studio Version 16
VisualStudioVersion = 16.0.29102.190
MinimumVisualStudioVersion = 10.0.40219.1
Project("{FAE04EC0-301F-11D3-BF4B-00C04F79EFBC}") = "BancoCSharp", "BancoCSharp\BancoCSharp.csproj", "{A2D00B38-FEEE-4762-93E1-DFA3581F4B62}"
EndProject
Global
	GlobalSection(SolutionConfigurationPlatforms) = preSolution
		Debug|Any CPU = Debug|Any CPU
		Release|Any CPU = Release|Any CPU
	EndGlobalSection
	GlobalSection(ProjectConfigurationPlatforms) = postSolution
		{A2D00B38-FEEE-4762-93E1-DFA3581F4B62}.Debug|Any CPU.ActiveCfg = Debug|Any CPU
		{A2D00B38-FEEE-4762-93E1-DFA3581F4B62}.Debug|Any CPU.Build.0 = Debug|Any CPU
		{A2D00B38-FEEE-4762-93E1-DFA3581F4B62}.Release|Any CPU.ActiveCfg = Release|Any CPU
		{A2D00B38-FEEE-4762-93E1-DFA3581F4B62}.Release|Any CPU.Build.0 = Release|Any CPU
	EndGlobalSection
	GlobalSection(SolutionProperties) = preSolution
		HideSolutionNode = FALSE
	EndGlobalSection
	GlobalSection(ExtensibilityGlobals) = postSolution
		SolutionGuid = {F506BC4E-9FFB-4EA7-B39B-7E96CEF63EA4}
	EndGlobalSection
EndGlobal
