
Microsoft Visual Studio Solution File, Format Version 12.00
# Visual Studio Version 16
VisualStudioVersion = 16.0.29025.244
MinimumVisualStudioVersion = 10.0.40219.1
Project("{FAE04EC0-301F-11D3-BF4B-00C04F79EFBC}") = "projectthree", "projectthree.csproj", "{7F2D7802-8127-47BB-8471-BD7C2AD07F1B}"
EndProject
Global
	GlobalSection(SolutionConfigurationPlatforms) = preSolution
		Debug|Any CPU = Debug|Any CPU
		Release|Any CPU = Release|Any CPU
	EndGlobalSection
	GlobalSection(ProjectConfigurationPlatforms) = postSolution
		{7F2D7802-8127-47BB-8471-BD7C2AD07F1B}.Debug|Any CPU.ActiveCfg = Debug|Any CPU
		{7F2D7802-8127-47BB-8471-BD7C2AD07F1B}.Debug|Any CPU.Build.0 = Debug|Any CPU
		{7F2D7802-8127-47BB-8471-BD7C2AD07F1B}.Release|Any CPU.ActiveCfg = Release|Any CPU
		{7F2D7802-8127-47BB-8471-BD7C2AD07F1B}.Release|Any CPU.Build.0 = Release|Any CPU
	EndGlobalSection
	GlobalSection(SolutionProperties) = preSolution
		HideSolutionNode = FALSE
	EndGlobalSection
	GlobalSection(ExtensibilityGlobals) = postSolution
		SolutionGuid = {843E30C8-57EF-4A44-92B7-B7AE7917E06D}
	EndGlobalSection
EndGlobal
