
Microsoft Visual Studio Solution File, Format Version 12.00
# Visual Studio Version 16
VisualStudioVersion = 16.0.29102.190
MinimumVisualStudioVersion = 10.0.40219.1
Project("{FAE04EC0-301F-11D3-BF4B-00C04F79EFBC}") = "Operators", "Operators.csproj", "{96478F7A-FB04-476A-9589-9863824DFF9E}"
EndProject
Global
	GlobalSection(SolutionConfigurationPlatforms) = preSolution
		Debug|Any CPU = Debug|Any CPU
		Release|Any CPU = Release|Any CPU
	EndGlobalSection
	GlobalSection(ProjectConfigurationPlatforms) = postSolution
		{96478F7A-FB04-476A-9589-9863824DFF9E}.Debug|Any CPU.ActiveCfg = Debug|Any CPU
		{96478F7A-FB04-476A-9589-9863824DFF9E}.Debug|Any CPU.Build.0 = Debug|Any CPU
		{96478F7A-FB04-476A-9589-9863824DFF9E}.Release|Any CPU.ActiveCfg = Release|Any CPU
		{96478F7A-FB04-476A-9589-9863824DFF9E}.Release|Any CPU.Build.0 = Release|Any CPU
	EndGlobalSection
	GlobalSection(SolutionProperties) = preSolution
		HideSolutionNode = FALSE
	EndGlobalSection
	GlobalSection(ExtensibilityGlobals) = postSolution
		SolutionGuid = {5B403CC4-E266-432B-8A1E-8951C4EDFA3B}
	EndGlobalSection
EndGlobal
